
Microsoft Visual Studio Solution File, Format Version 12.00
# Visual Studio Version 16
VisualStudioVersion = 16.0.31005.135
MinimumVisualStudioVersion = 10.0.40219.1
Project("{FAE04EC0-301F-11D3-BF4B-00C04F79EFBC}") = "Calculator_App", "Calculator_App\Calculator_App.csproj", "{6A73BEC8-3484-408D-9F30-28993374A460}"
EndProject
Global
	GlobalSection(SolutionConfigurationPlatforms) = preSolution
		Debug|Any CPU = Debug|Any CPU
		Release|Any CPU = Release|Any CPU
	EndGlobalSection
	GlobalSection(ProjectConfigurationPlatforms) = postSolution
		{6A73BEC8-3484-408D-9F30-28993374A460}.Debug|Any CPU.ActiveCfg = Debug|Any CPU
		{6A73BEC8-3484-408D-9F30-28993374A460}.Debug|Any CPU.Build.0 = Debug|Any CPU
		{6A73BEC8-3484-408D-9F30-28993374A460}.Release|Any CPU.ActiveCfg = Release|Any CPU
		{6A73BEC8-3484-408D-9F30-28993374A460}.Release|Any CPU.Build.0 = Release|Any CPU
	EndGlobalSection
	GlobalSection(SolutionProperties) = preSolution
		HideSolutionNode = FALSE
	EndGlobalSection
	GlobalSection(ExtensibilityGlobals) = postSolution
		SolutionGuid = {00D1A92A-9563-4764-82C3-EA7AAF56A436}
	EndGlobalSection
EndGlobal
